
Microsoft Visual Studio Solution File, Format Version 12.00
# Visual Studio Version 17
VisualStudioVersion = 17.9.34902.65
MinimumVisualStudioVersion = 10.0.40219.1
Project("{9A19103F-16F7-4668-BE54-9A1E7A4F7556}") = "LicensingERP.Logic.Core", "LicensingERP.Logic.Core\LicensingERP.Logic.Core.csproj", "{C92E1B24-9ECC-40D1-9A0B-139DB79AF9D8}"
EndProject
Project("{9A19103F-16F7-4668-BE54-9A1E7A4F7556}") = "LicensingERP.Core", "LicensingERP.Core\LicensingERP.Core.csproj", "{4D5AE42F-A487-4C63-8BFE-5F90E7BE596E}"
EndProject
Project("{9A19103F-16F7-4668-BE54-9A1E7A4F7556}") = "DataAccess.MySql", "DataAccess.MySql\DataAccess.MySql.csproj", "{3D71BA82-82BA-44DC-A29C-C7B74E9BA83F}"
EndProject
Project("{FAE04EC0-301F-11D3-BF4B-00C04F79EFBC}") = "LicensingERP.MySql", "LicensingERP.MySql\LicensingERP.MySql.csproj", "{35DC4274-6141-4F3E-A1E4-110890E7E79B}"
EndProject
Global
	GlobalSection(SolutionConfigurationPlatforms) = preSolution
		Debug|Any CPU = Debug|Any CPU
		Release|Any CPU = Release|Any CPU
	EndGlobalSection
	GlobalSection(ProjectConfigurationPlatforms) = postSolution
		{C92E1B24-9ECC-40D1-9A0B-139DB79AF9D8}.Debug|Any CPU.ActiveCfg = Debug|Any CPU
		{C92E1B24-9ECC-40D1-9A0B-139DB79AF9D8}.Debug|Any CPU.Build.0 = Debug|Any CPU
		{C92E1B24-9ECC-40D1-9A0B-139DB79AF9D8}.Release|Any CPU.ActiveCfg = Release|Any CPU
		{C92E1B24-9ECC-40D1-9A0B-139DB79AF9D8}.Release|Any CPU.Build.0 = Release|Any CPU
		{4D5AE42F-A487-4C63-8BFE-5F90E7BE596E}.Debug|Any CPU.ActiveCfg = Debug|Any CPU
		{4D5AE42F-A487-4C63-8BFE-5F90E7BE596E}.Debug|Any CPU.Build.0 = Debug|Any CPU
		{4D5AE42F-A487-4C63-8BFE-5F90E7BE596E}.Release|Any CPU.ActiveCfg = Release|Any CPU
		{4D5AE42F-A487-4C63-8BFE-5F90E7BE596E}.Release|Any CPU.Build.0 = Release|Any CPU
		{3D71BA82-82BA-44DC-A29C-C7B74E9BA83F}.Debug|Any CPU.ActiveCfg = Debug|Any CPU
		{3D71BA82-82BA-44DC-A29C-C7B74E9BA83F}.Debug|Any CPU.Build.0 = Debug|Any CPU
		{3D71BA82-82BA-44DC-A29C-C7B74E9BA83F}.Release|Any CPU.ActiveCfg = Release|Any CPU
		{3D71BA82-82BA-44DC-A29C-C7B74E9BA83F}.Release|Any CPU.Build.0 = Release|Any CPU
		{35DC4274-6141-4F3E-A1E4-110890E7E79B}.Debug|Any CPU.ActiveCfg = Debug|Any CPU
		{35DC4274-6141-4F3E-A1E4-110890E7E79B}.Debug|Any CPU.Build.0 = Debug|Any CPU
		{35DC4274-6141-4F3E-A1E4-110890E7E79B}.Release|Any CPU.ActiveCfg = Release|Any CPU
		{35DC4274-6141-4F3E-A1E4-110890E7E79B}.Release|Any CPU.Build.0 = Release|Any CPU
	EndGlobalSection
	GlobalSection(SolutionProperties) = preSolution
		HideSolutionNode = FALSE
	EndGlobalSection
	GlobalSection(ExtensibilityGlobals) = postSolution
		SolutionGuid = {D74F8813-3E20-4B93-940C-2E05D7E080E5}
	EndGlobalSection
EndGlobal
